
Microsoft Visual Studio Solution File, Format Version 12.00
# Visual Studio 15
VisualStudioVersion = 15.0.27703.2042
MinimumVisualStudioVersion = 10.0.40219.1
Project("{FAE04EC0-301F-11D3-BF4B-00C04F79EFBC}") = "DP_Exam_WPF", "DP_Exam_WPF\DP_Exam_WPF.csproj", "{A282CEC8-0049-4207-8E54-2B58F57AC42A}"
EndProject
Global
	GlobalSection(SolutionConfigurationPlatforms) = preSolution
		Debug|Any CPU = Debug|Any CPU
		Release|Any CPU = Release|Any CPU
	EndGlobalSection
	GlobalSection(ProjectConfigurationPlatforms) = postSolution
		{A282CEC8-0049-4207-8E54-2B58F57AC42A}.Debug|Any CPU.ActiveCfg = Debug|Any CPU
		{A282CEC8-0049-4207-8E54-2B58F57AC42A}.Debug|Any CPU.Build.0 = Debug|Any CPU
		{A282CEC8-0049-4207-8E54-2B58F57AC42A}.Release|Any CPU.ActiveCfg = Release|Any CPU
		{A282CEC8-0049-4207-8E54-2B58F57AC42A}.Release|Any CPU.Build.0 = Release|Any CPU
	EndGlobalSection
	GlobalSection(SolutionProperties) = preSolution
		HideSolutionNode = FALSE
	EndGlobalSection
	GlobalSection(ExtensibilityGlobals) = postSolution
		SolutionGuid = {11B2FC4C-23F8-4CC1-B57C-3AAC48486E1B}
	EndGlobalSection
EndGlobal
